{
  "version": "5",
  "remote": {
    "https://edge.netlify.com/": "607baf43414ddf5d42a24cf0e0ac7d03cc02fbc96f21bc34f027935060e28793",
    "https://edge.netlify.com/bootstrap/config.ts": "6a2ce0e544e15e8f8883a5c18da5948e37fd0f2619f68cb31f3af53c51817025",
    "https://edge.netlify.com/bootstrap/context.ts": "2260177df4a7d692f31177ccbf2de969cd8db1269c564a45517d6e47fd7d248f",
    "https://edge.netlify.com/bootstrap/cookie.ts": "8b0baae708989ca183c6f3b4ab3d029e6abcbc2e43f93edeb0ff447b3bbc3a05",
    "https://edge.netlify.com/bootstrap/edge_function.ts": "0c6c24959154a4ac64e24077adea5b4d23f01704a1dd1290df56fa9e4c6801f3",
    "https://edge.netlify.com/bootstrap/globals/types.ts": "eaa6148ded3121d8dee62dd91c86e7fe76601df0f3ca8d7962243a30f4c8935f"
  },
  "workspace": {
    "packageJson": {
      "dependencies": [
        "npm:@anthropic-ai/sdk@0.133",
        "npm:@netlify/blobs@^11.1.4",
        "npm:@netlify/database@^2.0.1",
        "npm:@netlify/functions@^6.0.2",
        "npm:@netlify/vite-plugin-tanstack-start@1.3.19",
        "npm:@tailwindcss/vite@4.2.2",
        "npm:@tanstack/react-router@1.170.40",
        "npm:@tanstack/react-start@1.168.60",
        "npm:@tanstack/router-plugin@1.168.41",
        "npm:@types/node@22.20.5",
        "npm:@types/react-dom@19.2.5",
        "npm:@types/react@19.2.18",
        "npm:@vitejs/plugin-react@5.2.0",
        "npm:drizzle-kit@1.0.0-beta.22",
        "npm:drizzle-orm@1.0.0-beta.22",
        "npm:highlight.js@11.11.1",
        "npm:lucide-react@0.576.0",
        "npm:react-dom@19.2.8",
        "npm:react@19.2.8",
        "npm:rimraf@6.1.3",
        "npm:tailwindcss@4.2.2",
        "npm:typescript@5.9.3",
        "npm:vite-tsconfig-paths@6.1.1",
        "npm:vite@7.3.6",
        "npm:zod@4.3.6"
      ]
    }
  }
}
